{
  "name": "dk.holion.wol",
  "version": "1.0.0",
  "lockfileVersion": 2,
  "requires": true,
  "packages": {
    "": {
      "name": "dk.holion.wol",
      "version": "1.0.0",
      "dependencies": {
        "node-wol": "^0.1.1",
        "wake_on_lan": "^1.0.0"
      },
      "devDependencies": {
        "@tsconfig/node12": "^1.0.9",
        "@types/homey": "npm:homey-apps-sdk-v3-types@^0.2.2",
        "@types/node": "^16.11.12",
        "@types/wake_on_lan": "^0.0.30",
        "typescript": "^4.5.3"
      }
    },
    "node_modules/@tsconfig/node12": {
      "version": "1.0.9",
      "resolved": "https://registry.npmjs.org/@tsconfig/node12/-/node12-1.0.9.tgz",
      "integrity": "sha512-/yBMcem+fbvhSREH+s14YJi18sp7J9jpuhYByADT2rypfajMZZN4WQ6zBGgBKp53NKmqI36wFYDb3yaMPurITw==",
      "dev": true
    },
    "node_modules/@types/homey": {
      "name": "homey-apps-sdk-v3-types",
      "version": "0.2.2",
      "resolved": "https://registry.npmjs.org/homey-apps-sdk-v3-types/-/homey-apps-sdk-v3-types-0.2.2.tgz",
      "integrity": "sha512-FS0ahnOTs3e5BBlL/q8dD/mFcoCZeqH+BIrjZ4krQjybpAvyDA0cqQm9ROUxNbcUoVVNStCEBJEooSvJR1HSmg==",
      "dev": true,
      "dependencies": {
        "@types/node": "^14.14.20"
      }
    },
    "node_modules/@types/homey/node_modules/@types/node": {
      "version": "14.18.0",
      "resolved": "https://registry.npmjs.org/@types/node/-/node-14.18.0.tgz",
      "integrity": "sha512-0GeIl2kmVMXEnx8tg1SlG6Gg8vkqirrW752KqolYo1PHevhhZN3bhJ67qHj+bQaINhX0Ra3TlWwRvMCd9iEfNQ==",
      "dev": true
    },
    "node_modules/@types/node": {
      "version": "16.11.12",
      "resolved": "https://registry.npmjs.org/@types/node/-/node-16.11.12.tgz",
      "integrity": "sha512-+2Iggwg7PxoO5Kyhvsq9VarmPbIelXP070HMImEpbtGCoyWNINQj4wzjbQCXzdHTRXnqufutJb5KAURZANNBAw==",
      "dev": true
    },
    "node_modules/@types/wake_on_lan": {
      "version": "0.0.30",
      "resolved": "https://registry.npmjs.org/@types/wake_on_lan/-/wake_on_lan-0.0.30.tgz",
      "integrity": "sha512-r6Ia5Ej3F61Zaq2oiap4syDsl1KTfsKVqJKkuMuEIxaVBHnZ9P98IFmcUGA+GiFvXZ+ETCEp/tKhKxmwsOnxig==",
      "dev": true,
      "dependencies": {
        "@types/node": "*"
      }
    },
    "node_modules/minimist": {
      "version": "1.2.5",
      "resolved": "https://registry.npmjs.org/minimist/-/minimist-1.2.5.tgz",
      "integrity": "sha512-FM9nNUYrRBAELZQT3xeZQ7fmMOBg6nWNmJKTcgsJeaLstP/UODVpGsr5OhXhhXg6f+qtJ8uiZ+PUxkDWcgIXLw=="
    },
    "node_modules/node-wol": {
      "version": "0.1.1",
      "resolved": "https://registry.npmjs.org/node-wol/-/node-wol-0.1.1.tgz",
      "integrity": "sha1-m+F/6LeZxeAKaq1ciTb0NoTl6D0="
    },
    "node_modules/typescript": {
      "version": "4.5.3",
      "resolved": "https://registry.npmjs.org/typescript/-/typescript-4.5.3.tgz",
      "integrity": "sha512-eVYaEHALSt+s9LbvgEv4Ef+Tdq7hBiIZgii12xXJnukryt3pMgJf6aKhoCZ3FWQsu6sydEnkg11fYXLzhLBjeQ==",
      "dev": true,
      "bin": {
        "tsc": "bin/tsc",
        "tsserver": "bin/tsserver"
      },
      "engines": {
        "node": ">=4.2.0"
      }
    },
    "node_modules/wake_on_lan": {
      "version": "1.0.0",
      "resolved": "https://registry.npmjs.org/wake_on_lan/-/wake_on_lan-1.0.0.tgz",
      "integrity": "sha1-UWUZ7lq0GmUteci9VwT85uzUzbI=",
      "dependencies": {
        "minimist": "^1.2.0"
      },
      "bin": {
        "wake": "wake"
      }
    }
  },
  "dependencies": {
    "@tsconfig/node12": {
      "version": "1.0.9",
      "resolved": "https://registry.npmjs.org/@tsconfig/node12/-/node12-1.0.9.tgz",
      "integrity": "sha512-/yBMcem+fbvhSREH+s14YJi18sp7J9jpuhYByADT2rypfajMZZN4WQ6zBGgBKp53NKmqI36wFYDb3yaMPurITw==",
      "dev": true
    },
    "@types/homey": {
      "version": "npm:homey-apps-sdk-v3-types@0.2.2",
      "resolved": "https://registry.npmjs.org/homey-apps-sdk-v3-types/-/homey-apps-sdk-v3-types-0.2.2.tgz",
      "integrity": "sha512-FS0ahnOTs3e5BBlL/q8dD/mFcoCZeqH+BIrjZ4krQjybpAvyDA0cqQm9ROUxNbcUoVVNStCEBJEooSvJR1HSmg==",
      "dev": true,
      "requires": {
        "@types/node": "^14.14.20"
      },
      "dependencies": {
        "@types/node": {
          "version": "14.18.0",
          "resolved": "https://registry.npmjs.org/@types/node/-/node-14.18.0.tgz",
          "integrity": "sha512-0GeIl2kmVMXEnx8tg1SlG6Gg8vkqirrW752KqolYo1PHevhhZN3bhJ67qHj+bQaINhX0Ra3TlWwRvMCd9iEfNQ==",
          "dev": true
        }
      }
    },
    "@types/node": {
      "version": "16.11.12",
      "resolved": "https://registry.npmjs.org/@types/node/-/node-16.11.12.tgz",
      "integrity": "sha512-+2Iggwg7PxoO5Kyhvsq9VarmPbIelXP070HMImEpbtGCoyWNINQj4wzjbQCXzdHTRXnqufutJb5KAURZANNBAw==",
      "dev": true
    },
    "@types/wake_on_lan": {
      "version": "0.0.30",
      "resolved": "https://registry.npmjs.org/@types/wake_on_lan/-/wake_on_lan-0.0.30.tgz",
      "integrity": "sha512-r6Ia5Ej3F61Zaq2oiap4syDsl1KTfsKVqJKkuMuEIxaVBHnZ9P98IFmcUGA+GiFvXZ+ETCEp/tKhKxmwsOnxig==",
      "dev": true,
      "requires": {
        "@types/node": "*"
      }
    },
    "minimist": {
      "version": "1.2.5",
      "resolved": "https://registry.npmjs.org/minimist/-/minimist-1.2.5.tgz",
      "integrity": "sha512-FM9nNUYrRBAELZQT3xeZQ7fmMOBg6nWNmJKTcgsJeaLstP/UODVpGsr5OhXhhXg6f+qtJ8uiZ+PUxkDWcgIXLw=="
    },
    "node-wol": {
      "version": "0.1.1",
      "resolved": "https://registry.npmjs.org/node-wol/-/node-wol-0.1.1.tgz",
      "integrity": "sha1-m+F/6LeZxeAKaq1ciTb0NoTl6D0="
    },
    "typescript": {
      "version": "4.5.3",
      "resolved": "https://registry.npmjs.org/typescript/-/typescript-4.5.3.tgz",
      "integrity": "sha512-eVYaEHALSt+s9LbvgEv4Ef+Tdq7hBiIZgii12xXJnukryt3pMgJf6aKhoCZ3FWQsu6sydEnkg11fYXLzhLBjeQ==",
      "dev": true
    },
    "wake_on_lan": {
      "version": "1.0.0",
      "resolved": "https://registry.npmjs.org/wake_on_lan/-/wake_on_lan-1.0.0.tgz",
      "integrity": "sha1-UWUZ7lq0GmUteci9VwT85uzUzbI=",
      "requires": {
        "minimist": "^1.2.0"
      }
    }
  }
}
